
Microsoft Visual Studio Solution File, Format Version 12.00
# Visual Studio Version 17
VisualStudioVersion = 17.3.32901.215
MinimumVisualStudioVersion = 10.0.40219.1
Project("{FAE04EC0-301F-11D3-BF4B-00C04F79EFBC}") = "VsSummitEcommerce.Gateway", "VsSummitEcommerce.Gateway\VsSummitEcommerce.Gateway.csproj", "{94F88C4F-6E95-4A87-B11A-825C4F49D09D}"
EndProject
Project("{FAE04EC0-301F-11D3-BF4B-00C04F79EFBC}") = "VsSummitEcommerce.Stock", "VsSummitEcommerce.Stock\VsSummitEcommerce.Stock.csproj", "{CDCACD8D-33CC-4345-B608-CB45A2217075}"
EndProject
Project("{FAE04EC0-301F-11D3-BF4B-00C04F79EFBC}") = "VsSummitEcommerce.Order", "VsSummitEcommerce.Order\VsSummitEcommerce.Order.csproj", "{365EA801-A928-445A-9EF7-43D606EB1B69}"
EndProject
Project("{FAE04EC0-301F-11D3-BF4B-00C04F79EFBC}") = "VsSummitEcommerce.Principal", "VsSummitEcommerce.Principal\VsSummitEcommerce.Principal.csproj", "{C8525066-8079-4BF4-96DD-918CBDCB83D5}"
EndProject
Project("{FAE04EC0-301F-11D3-BF4B-00C04F79EFBC}") = "VsSummitEcommerce.HealthChecks", "VsSummitEcommerce.HealthChecks\VsSummitEcommerce.HealthChecks.csproj", "{DAD7C9C9-7966-4998-9BBF-0510E0051A4A}"
EndProject
Global
	GlobalSection(SolutionConfigurationPlatforms) = preSolution
		Debug|Any CPU = Debug|Any CPU
		Release|Any CPU = Release|Any CPU
	EndGlobalSection
	GlobalSection(ProjectConfigurationPlatforms) = postSolution
		{94F88C4F-6E95-4A87-B11A-825C4F49D09D}.Debug|Any CPU.ActiveCfg = Debug|Any CPU
		{94F88C4F-6E95-4A87-B11A-825C4F49D09D}.Debug|Any CPU.Build.0 = Debug|Any CPU
		{94F88C4F-6E95-4A87-B11A-825C4F49D09D}.Release|Any CPU.ActiveCfg = Release|Any CPU
		{94F88C4F-6E95-4A87-B11A-825C4F49D09D}.Release|Any CPU.Build.0 = Release|Any CPU
		{CDCACD8D-33CC-4345-B608-CB45A2217075}.Debug|Any CPU.ActiveCfg = Debug|Any CPU
		{CDCACD8D-33CC-4345-B608-CB45A2217075}.Debug|Any CPU.Build.0 = Debug|Any CPU
		{CDCACD8D-33CC-4345-B608-CB45A2217075}.Release|Any CPU.ActiveCfg = Release|Any CPU
		{CDCACD8D-33CC-4345-B608-CB45A2217075}.Release|Any CPU.Build.0 = Release|Any CPU
		{365EA801-A928-445A-9EF7-43D606EB1B69}.Debug|Any CPU.ActiveCfg = Debug|Any CPU
		{365EA801-A928-445A-9EF7-43D606EB1B69}.Debug|Any CPU.Build.0 = Debug|Any CPU
		{365EA801-A928-445A-9EF7-43D606EB1B69}.Release|Any CPU.ActiveCfg = Release|Any CPU
		{365EA801-A928-445A-9EF7-43D606EB1B69}.Release|Any CPU.Build.0 = Release|Any CPU
		{C8525066-8079-4BF4-96DD-918CBDCB83D5}.Debug|Any CPU.ActiveCfg = Debug|Any CPU
		{C8525066-8079-4BF4-96DD-918CBDCB83D5}.Debug|Any CPU.Build.0 = Debug|Any CPU
		{C8525066-8079-4BF4-96DD-918CBDCB83D5}.Release|Any CPU.ActiveCfg = Release|Any CPU
		{C8525066-8079-4BF4-96DD-918CBDCB83D5}.Release|Any CPU.Build.0 = Release|Any CPU
		{DAD7C9C9-7966-4998-9BBF-0510E0051A4A}.Debug|Any CPU.ActiveCfg = Debug|Any CPU
		{DAD7C9C9-7966-4998-9BBF-0510E0051A4A}.Debug|Any CPU.Build.0 = Debug|Any CPU
		{DAD7C9C9-7966-4998-9BBF-0510E0051A4A}.Release|Any CPU.ActiveCfg = Release|Any CPU
		{DAD7C9C9-7966-4998-9BBF-0510E0051A4A}.Release|Any CPU.Build.0 = Release|Any CPU
	EndGlobalSection
	GlobalSection(SolutionProperties) = preSolution
		HideSolutionNode = FALSE
	EndGlobalSection
	GlobalSection(ExtensibilityGlobals) = postSolution
		SolutionGuid = {A8C2D891-30C2-4642-9C7E-E3DEC8E3D93B}
	EndGlobalSection
EndGlobal
